
Microsoft Visual Studio Solution File, Format Version 12.00
# Visual Studio Version 17
VisualStudioVersion = 17.1.32421.90
MinimumVisualStudioVersion = 10.0.40219.1
Project("{9A19103F-16F7-4668-BE54-9A1E7A4F7556}") = "SupaCalc", "SupaCalc.csproj", "{3C57E582-EEE0-4386-846C-00780D713454}"
EndProject
Global
	GlobalSection(SolutionConfigurationPlatforms) = preSolution
		Debug|Any CPU = Debug|Any CPU
		Release|Any CPU = Release|Any CPU
	EndGlobalSection
	GlobalSection(ProjectConfigurationPlatforms) = postSolution
		{3C57E582-EEE0-4386-846C-00780D713454}.Debug|Any CPU.ActiveCfg = Debug|Any CPU
		{3C57E582-EEE0-4386-846C-00780D713454}.Debug|Any CPU.Build.0 = Debug|Any CPU
		{3C57E582-EEE0-4386-846C-00780D713454}.Release|Any CPU.ActiveCfg = Release|Any CPU
		{3C57E582-EEE0-4386-846C-00780D713454}.Release|Any CPU.Build.0 = Release|Any CPU
	EndGlobalSection
	GlobalSection(SolutionProperties) = preSolution
		HideSolutionNode = FALSE
	EndGlobalSection
	GlobalSection(ExtensibilityGlobals) = postSolution
		SolutionGuid = {476C2745-97DD-4876-8249-9BF9D3089988}
	EndGlobalSection
EndGlobal
